hash: 87e21bcdfcc7ec276a6ebc71a8d6a0570f2d03031bafa1d04a0983b779a4bc44
updated: 2017-10-25T22:16:26.710395+08:00
imports:
- name: github.com/inconshreveable/mousetrap
  version: 76626ae9c91c4f2a10f34cad8ce83ea42c93bb75
- name: github.com/spf13/cobra
  version: 7b2c5ac9fc04fc5efafb60700713d4fa609b777b
- name: github.com/spf13/pflag
  version: 97afa5e7ca8a08a383cb259e06636b5e2cc7897f
testImports: []
